// !$*UTF8*$!
{
	archiveVersion = 1;
	classes = {
	};
	objectVersion = 46;
	objects = {

/* Begin PBXBuildFile section */
		7389CD081D4FBA8E002C49AA /* AppDelegate.swift in Sources */ = {isa = PBXBuildFile; fileRef = 7389CD071D4FBA8E002C49AA /* AppDelegate.swift */; };
		7389CD0A1D4FBA8E002C49AA /* LogInVC.swift in Sources */ = {isa = PBXBuildFile; fileRef = 7389CD091D4FBA8E002C49AA /* LogInVC.swift */; };
		7389CD0D1D4FBA8E002C49AA /* Main.storyboard in Resources */ = {isa = PBXBuildFile; fileRef = 7389CD0B1D4FBA8E002C49AA /* Main.storyboard */; };
		7389CD0F1D4FBA8E002C49AA /* Assets.xcassets in Resources */ = {isa = PBXBuildFile; fileRef = 7389CD0E1D4FBA8E002C49AA /* Assets.xcassets */; };
		7389CD121D4FBA8E002C49AA /* LaunchScreen.storyboard in Resources */ = {isa = PBXBuildFile; fileRef = 7389CD101D4FBA8E002C49AA /* LaunchScreen.storyboard */; };
		7389CD1D1D4FBA8E002C49AA /* swift3SeguesTests.swift in Sources */ = {isa = PBXBuildFile; fileRef = 7389CD1C1D4FBA8E002C49AA /* swift3SeguesTests.swift */; };
		7389CD281D4FBB97002C49AA /* MusicListVC.swift in Sources */ = {isa = PBXBuildFile; fileRef = 7389CD271D4FBB97002C49AA /* MusicListVC.swift */; };
		7389CD2A1D4FBE9C002C49AA /* PlaySongVC.swift in Sources */ = {isa = PBXBuildFile; fileRef = 7389CD291D4FBE9C002C49AA /* PlaySongVC.swift */; };
/* End PBXBuildFile section */

/* Begin PBXContainerItemProxy section */
		7389CD191D4FBA8E002C49AA /* PBXContainerItemProxy */ = {
			isa = PBXContainerItemProxy;
			containerPortal = 7389CCFC1D4FBA8E002C49AA /* Project object */;
			proxyType = 1;
			remoteGlobalIDString = 7389CD031D4FBA8E002C49AA;
			remoteInfo = swift3Segues;
		};
/* End PBXContainerItemProxy section */

/* Begin PBXFileReference section */
		7389CD041D4FBA8E002C49AA /* swift3Segues.app */ = {isa = PBXFileReference; explicitFileType = wrapper.application; includeInIndex = 0; path = swift3Segues.app; sourceTree = BUILT_PRODUCTS_DIR; };
		7389CD071D4FBA8E002C49AA /* AppDelegate.swift */ = {isa = PBXFileReference; lastKnownFileType = sourcecode.swift; path = AppDelegate.swift; sourceTree = "<group>"; };
		7389CD091D4FBA8E002C49AA /* LogInVC.swift */ = {isa = PBXFileReference; lastKnownFileType = sourcecode.swift; path = LogInVC.swift; sourceTree = "<group>"; };
		7389CD0C1D4FBA8E002C49AA /* Base */ = {isa = PBXFileReference; lastKnownFileType = file.storyboard; name = Base; path = Base.lproj/Main.storyboard; sourceTree = "<group>"; };
		7389CD0E1D4FBA8E002C49AA /* Assets.xcassets */ = {isa = PBXFileReference; lastKnownFileType = folder.assetcatalog; path = Assets.xcassets; sourceTree = "<group>"; };
		7389CD111D4FBA8E002C49AA /* Base */ = {isa = PBXFileReference; lastKnownFileType = file.storyboard; name = Base; path = Base.lproj/LaunchScreen.storyboard; sourceTree = "<group>"; };
		7389CD131D4FBA8E002C49AA /* Info.plist */ = {isa = PBXFileReference; lastKnownFileType = text.plist.xml; path = Info.plist; sourceTree = "<group>"; };
		7389CD181D4FBA8E002C49AA /* swift3SeguesTests.xctest */ = {isa = PBXFileReference; explicitFileType = wrapper.cfbundle; includeInIndex = 0; path = swift3SeguesTests.xctest; sourceTree = BUILT_PRODUCTS_DIR; };
		7389CD1C1D4FBA8E002C49AA /* swift3SeguesTests.swift */ = {isa = PBXFileReference; lastKnownFileType = sourcecode.swift; path = swift3SeguesTests.swift; sourceTree = "<group>"; };
		7389CD1E1D4FBA8E002C49AA /* Info.plist */ = {isa = PBXFileReference; lastKnownFileType = text.plist.xml; path = Info.plist; sourceTree = "<group>"; };
		7389CD271D4FBB97002C49AA /* MusicListVC.swift */ = {isa = PBXFileReference; fileEncoding = 4; lastKnownFileType = sourcecode.swift; path = MusicListVC.swift; sourceTree = "<group>"; };
		7389CD291D4FBE9C002C49AA /* PlaySongVC.swift */ = {isa = PBXFileReference; fileEncoding = 4; lastKnownFileType = sourcecode.swift; path = PlaySongVC.swift; sourceTree = "<group>"; };
/* End PBXFileReference section */

/* Begin PBXFrameworksBuildPhase section */
		7389CD011D4FBA8E002C49AA /* Frameworks */ = {
			isa = PBXFrameworksBuildPhase;
			buildActionMask = 2147483647;
			files = (
			);
			runOnlyForDeploymentPostprocessing = 0;
		};
		7389CD151D4FBA8E002C49AA /* Frameworks */ = {
			isa = PBXFrameworksBuildPhase;
			buildActionMask = 2147483647;
			files = (
			);
			runOnlyForDeploymentPostprocessing = 0;
		};
/* End PBXFrameworksBuildPhase section */

/* Begin PBXGroup section */
		7389CCFB1D4FBA8E002C49AA = {
			isa = PBXGroup;
			children = (
				7389CD061D4FBA8E002C49AA /* swift3Segues */,
				7389CD1B1D4FBA8E002C49AA /* swift3SeguesTests */,
				7389CD051D4FBA8E002C49AA /* Products */,
			);
			sourceTree = "<group>";
		};
		7389CD051D4FBA8E002C49AA /* Products */ = {
			isa = PBXGroup;
			children = (
				7389CD041D4FBA8E002C49AA /* swift3Segues.app */,
				7389CD181D4FBA8E002C49AA /* swift3SeguesTests.xctest */,
			);
			name = Products;
			sourceTree = "<group>";
		};
		7389CD061D4FBA8E002C49AA /* swift3Segues */ = {
			isa = PBXGroup;
			children = (
				7389CD071D4FBA8E002C49AA /* AppDelegate.swift */,
				7389CD091D4FBA8E002C49AA /* LogInVC.swift */,
				7389CD0B1D4FBA8E002C49AA /* Main.storyboard */,
				7389CD0E1D4FBA8E002C49AA /* Assets.xcassets */,
				7389CD101D4FBA8E002C49AA /* LaunchScreen.storyboard */,
				7389CD131D4FBA8E002C49AA /* Info.plist */,
				7389CD271D4FBB97002C49AA /* MusicListVC.swift */,
				7389CD291D4FBE9C002C49AA /* PlaySongVC.swift */,
			);
			path = swift3Segues;
			sourceTree = "<group>";
		};
		7389CD1B1D4FBA8E002C49AA /* swift3SeguesTests */ = {
			isa = PBXGroup;
			children = (
				7389CD1C1D4FBA8E002C49AA /* swift3SeguesTests.swift */,
				7389CD1E1D4FBA8E002C49AA /* Info.plist */,
			);
			path = swift3SeguesTests;
			sourceTree = "<group>";
		};
/* End PBXGroup section */

/* Begin PBXNativeTarget section */
		7389CD031D4FBA8E002C49AA /* swift3Segues */ = {
			isa = PBXNativeTarget;
			buildConfigurationList = 7389CD211D4FBA8E002C49AA /* Build configuration list for PBXNativeTarget "swift3Segues" */;
			buildPhases = (
				7389CD001D4FBA8E002C49AA /* Sources */,
				7389CD011D4FBA8E002C49AA /* Frameworks */,
				7389CD021D4FBA8E002C49AA /* Resources */,
			);
			buildRules = (
			);
			dependencies = (
			);
			name = swift3Segues;
			productName = swift3Segues;
			productReference = 7389CD041D4FBA8E002C49AA /* swift3Segues.app */;
			productType = "com.apple.product-type.application";
		};
		7389CD171D4FBA8E002C49AA /* swift3SeguesTests */ = {
			isa = PBXNativeTarget;
			buildConfigurationList = 7389CD241D4FBA8E002C49AA /* Build configuration list for PBXNativeTarget "swift3SeguesTests" */;
			buildPhases = (
				7389CD141D4FBA8E002C49AA /* Sources */,
				7389CD151D4FBA8E002C49AA /* Frameworks */,
				7389CD161D4FBA8E002C49AA /* Resources */,
			);
			buildRules = (
			);
			dependencies = (
				7389CD1A1D4FBA8E002C49AA /* PBXTargetDependency */,
			);
			name = swift3SeguesTests;
			productName = swift3SeguesTests;
			productReference = 7389CD181D4FBA8E002C49AA /* swift3SeguesTests.xctest */;
			productType = "com.apple.product-type.bundle.unit-test";
		};
/* End PBXNativeTarget section */

/* Begin PBXProject section */
		7389CCFC1D4FBA8E002C49AA /* Project object */ = {
			isa = PBXProject;
			attributes = {
				LastSwiftUpdateCheck = 0800;
				LastUpgradeCheck = 0800;
				ORGANIZATIONNAME = RLDT;
				TargetAttributes = {
					7389CD031D4FBA8E002C49AA = {
						CreatedOnToolsVersion = 8.0;
						DevelopmentTeam = FEY5QB95HW;
						DevelopmentTeamName = "Rosario Tarabocchia";
						ProvisioningStyle = Automatic;
					};
					7389CD171D4FBA8E002C49AA = {
						CreatedOnToolsVersion = 8.0;
						DevelopmentTeam = FEY5QB95HW;
						DevelopmentTeamName = "Rosario Tarabocchia";
						ProvisioningStyle = Automatic;
						TestTargetID = 7389CD031D4FBA8E002C49AA;
					};
				};
			};
			buildConfigurationList = 7389CCFF1D4FBA8E002C49AA /* Build configuration list for PBXProject "swift3Segues" */;
			compatibilityVersion = "Xcode 3.2";
			developmentRegion = English;
			hasScannedForEncodings = 0;
			knownRegions = (
				en,
				Base,
			);
			mainGroup = 7389CCFB1D4FBA8E002C49AA;
			productRefGroup = 7389CD051D4FBA8E002C49AA /* Products */;
			projectDirPath = "";
			projectRoot = "";
			targets = (
				7389CD031D4FBA8E002C49AA /* swift3Segues */,
				7389CD171D4FBA8E002C49AA /* swift3SeguesTests */,
			);
		};
/* End PBXProject section */

/* Begin PBXResourcesBuildPhase section */
		7389CD021D4FBA8E002C49AA /* Resources */ = {
			isa = PBXResourcesBuildPhase;
			buildActionMask = 2147483647;
			files = (
				7389CD121D4FBA8E002C49AA /* LaunchScreen.storyboard in Resources */,
				7389CD0F1D4FBA8E002C49AA /* Assets.xcassets in Resources */,
				7389CD0D1D4FBA8E002C49AA /* Main.storyboard in Resources */,
			);
			runOnlyForDeploymentPostprocessing = 0;
		};
		7389CD161D4FBA8E002C49AA /* Resources */ = {
			isa = PBXResourcesBuildPhase;
			buildActionMask = 2147483647;
			files = (
			);
			runOnlyForDeploymentPostprocessing = 0;
		};
/* End PBXResourcesBuildPhase section */

/* Begin PBXSourcesBuildPhase section */
		7389CD001D4FBA8E002C49AA /* Sources */ = {
			isa = PBXSourcesBuildPhase;
			buildActionMask = 2147483647;
			files = (
				7389CD281D4FBB97002C49AA /* MusicListVC.swift in Sources */,
				7389CD2A1D4FBE9C002C49AA /* PlaySongVC.swift in Sources */,
				7389CD0A1D4FBA8E002C49AA /* LogInVC.swift in Sources */,
				7389CD081D4FBA8E002C49AA /* AppDelegate.swift in Sources */,
			);
			runOnlyForDeploymentPostprocessing = 0;
		};
		7389CD141D4FBA8E002C49AA /* Sources */ = {
			isa = PBXSourcesBuildPhase;
			buildActionMask = 2147483647;
			files = (
				7389CD1D1D4FBA8E002C49AA /* swift3SeguesTests.swift in Sources */,
			);
			runOnlyForDeploymentPostprocessing = 0;
		};
/* End PBXSourcesBuildPhase section */

/* Begin PBXTargetDependency section */
		7389CD1A1D4FBA8E002C49AA /* PBXTargetDependency */ = {
			isa = PBXTargetDependency;
			target = 7389CD031D4FBA8E002C49AA /* swift3Segues */;
			targetProxy = 7389CD191D4FBA8E002C49AA /* PBXContainerItemProxy */;
		};
/* End PBXTargetDependency section */

/* Begin PBXVariantGroup section */
		7389CD0B1D4FBA8E002C49AA /* Main.storyboard */ = {
			isa = PBXVariantGroup;
			children = (
				7389CD0C1D4FBA8E002C49AA /* Base */,
			);
			name = Main.storyboard;
			sourceTree = "<group>";
		};
		7389CD101D4FBA8E002C49AA /* LaunchScreen.storyboard */ = {
			isa = PBXVariantGroup;
			children = (
				7389CD111D4FBA8E002C49AA /* Base */,
			);
			name = LaunchScreen.storyboard;
			sourceTree = "<group>";
		};
/* End PBXVariantGroup section */

/* Begin XCBuildConfiguration section */
		7389CD1F1D4FBA8E002C49AA /* Debug */ = {
			isa = XCBuildConfiguration;
			buildSettings = {
				ALWAYS_SEARCH_USER_PATHS = NO;
				CLANG_ANALYZER_NONNULL = YES;
				CLANG_CXX_LANGUAGE_STANDARD = "gnu++0x";
				CLANG_CXX_LIBRARY = "libc++";
				CLANG_ENABLE_MODULES = YES;
				CLANG_ENABLE_OBJC_ARC = YES;
				CLANG_WARN_BOOL_CONVERSION = YES;
				CLANG_WARN_CONSTANT_CONVERSION = YES;
				CLANG_WARN_DIRECT_OBJC_ISA_USAGE = YES_ERROR;
				CLANG_WARN_DOCUMENTATION_COMMENTS = YES;
				CLANG_WARN_EMPTY_BODY = YES;
				CLANG_WARN_ENUM_CONVERSION = YES;
				CLANG_WARN_INT_CONVERSION = YES;
				CLANG_WARN_OBJC_ROOT_CLASS = YES_ERROR;
				CLANG_WARN_UNREACHABLE_CODE = YES;
				CLANG_WARN__DUPLICATE_METHOD_MATCH = YES;
				"CODE_SIGN_IDENTITY[sdk=iphoneos*]" = "iPhone Developer";
				COPY_PHASE_STRIP = NO;
				DEBUG_INFORMATION_FORMAT = dwarf;
				ENABLE_STRICT_OBJC_MSGSEND = YES;
				ENABLE_TESTABILITY = YES;
				GCC_C_LANGUAGE_STANDARD = gnu99;
				GCC_DYNAMIC_NO_PIC = NO;
				GCC_NO_COMMON_BLOCKS = YES;
				GCC_OPTIMIZATION_LEVEL = 0;
				GCC_PREPROCESSOR_DEFINITIONS = (
					"DEBUG=1",
					"$(inherited)",
				);
				GCC_WARN_64_TO_32_BIT_CONVERSION = YES;
				GCC_WARN_ABOUT_RETURN_TYPE = YES_ERROR;
				GCC_WARN_UNDECLARED_SELECTOR = YES;
				GCC_WARN_UNINITIALIZED_AUTOS = YES_AGGRESSIVE;
				GCC_WARN_UNUSED_FUNCTION = YES;
				GCC_WARN_UNUSED_VARIABLE = YES;
				IPHONEOS_DEPLOYMENT_TARGET = 10.0;
				MTL_ENABLE_DEBUG_INFO = YES;
				ONLY_ACTIVE_ARCH = YES;
				SDKROOT = iphoneos;
				SWIFT_ACTIVE_COMPILATION_CONDITIONS = DEBUG;
				SWIFT_OPTIMIZATION_LEVEL = "-Onone";
				TARGETED_DEVICE_FAMILY = "1,2";
			};
			name = Debug;
		};
		7389CD201D4FBA8E002C49AA /* Release */ = {
			isa = XCBuildConfiguration;
			buildSettings = {
				ALWAYS_SEARCH_USER_PATHS = NO;
				CLANG_ANALYZER_NONNULL = YES;
				CLANG_CXX_LANGUAGE_STANDARD = "gnu++0x";
				CLANG_CXX_LIBRARY = "libc++";
				CLANG_ENABLE_MODULES = YES;
				CLANG_ENABLE_OBJC_ARC = YES;
				CLANG_WARN_BOOL_CONVERSION = YES;
				CLANG_WARN_CONSTANT_CONVERSION = YES;
				CLANG_WARN_DIRECT_OBJC_ISA_USAGE = YES_ERROR;
				CLANG_WARN_DOCUMENTATION_COMMENTS = YES;
				CLANG_WARN_EMPTY_BODY = YES;
				CLANG_WARN_ENUM_CONVERSION = YES;
				CLANG_WARN_INT_CONVERSION = YES;
				CLANG_WARN_OBJC_ROOT_CLASS = YES_ERROR;
				CLANG_WARN_UNREACHABLE_CODE = YES;
				CLANG_WARN__DUPLICATE_METHOD_MATCH = YES;
				"CODE_SIGN_IDENTITY[sdk=iphoneos*]" = "iPhone Developer";
				COPY_PHASE_STRIP = NO;
				DEBUG_INFORMATION_FORMAT = "dwarf-with-dsym";
				ENABLE_NS_ASSERTIONS = NO;
				ENABLE_STRICT_OBJC_MSGSEND = YES;
				GCC_C_LANGUAGE_STANDARD = gnu99;
				GCC_NO_COMMON_BLOCKS = YES;
				GCC_WARN_64_TO_32_BIT_CONVERSION = YES;
				GCC_WARN_ABOUT_RETURN_TYPE = YES_ERROR;
				GCC_WARN_UNDECLARED_SELECTOR = YES;
				GCC_WARN_UNINITIALIZED_AUTOS = YES_AGGRESSIVE;
				GCC_WARN_UNUSED_FUNCTION = YES;
				GCC_WARN_UNUSED_VARIABLE = YES;
				IPHONEOS_DEPLOYMENT_TARGET = 10.0;
				MTL_ENABLE_DEBUG_INFO = NO;
				SDKROOT = iphoneos;
				SWIFT_OPTIMIZATION_LEVEL = "-Owholemodule";
				TARGETED_DEVICE_FAMILY = "1,2";
				VALIDATE_PRODUCT = YES;
			};
			name = Release;
		};
		7389CD221D4FBA8E002C49AA /* Debug */ = {
			isa = XCBuildConfiguration;
			buildSettings = {
				ASSETCATALOG_COMPILER_APPICON_NAME = AppIcon;
				INFOPLIST_FILE = swift3Segues/Info.plist;
				LD_RUNPATH_SEARCH_PATHS = "$(inherited) @executable_path/Frameworks";
				PRODUCT_BUNDLE_IDENTIFIER = com.RLDT.swift3Segues;
				PRODUCT_NAME = "$(TARGET_NAME)";
				SWIFT_VERSION = 3.0;
			};
			name = Debug;
		};
		7389CD231D4FBA8E002C49AA /* Release */ = {
			isa = XCBuildConfiguration;
			buildSettings = {
				ASSETCATALOG_COMPILER_APPICON_NAME = AppIcon;
				INFOPLIST_FILE = swift3Segues/Info.plist;
				LD_RUNPATH_SEARCH_PATHS = "$(inherited) @executable_path/Frameworks";
				PRODUCT_BUNDLE_IDENTIFIER = com.RLDT.swift3Segues;
				PRODUCT_NAME = "$(TARGET_NAME)";
				SWIFT_VERSION = 3.0;
			};
			name = Release;
		};
		7389CD251D4FBA8E002C49AA /* Debug */ = {
			isa = XCBuildConfiguration;
			buildSettings = {
				BUNDLE_LOADER = "$(TEST_HOST)";
				INFOPLIST_FILE = swift3SeguesTests/Info.plist;
				LD_RUNPATH_SEARCH_PATHS = "$(inherited) @executable_path/Frameworks @loader_path/Frameworks";
				PRODUCT_BUNDLE_IDENTIFIER = com.RLDT.swift3SeguesTests;
				PRODUCT_NAME = "$(TARGET_NAME)";
				SWIFT_VERSION = 3.0;
				TEST_HOST = "$(BUILT_PRODUCTS_DIR)/swift3Segues.app/swift3Segues";
			};
			name = Debug;
		};
		7389CD261D4FBA8E002C49AA /* Release */ = {
			isa = XCBuildConfiguration;
			buildSettings = {
				BUNDLE_LOADER = "$(TEST_HOST)";
				INFOPLIST_FILE = swift3SeguesTests/Info.plist;
				LD_RUNPATH_SEARCH_PATHS = "$(inherited) @executable_path/Frameworks @loader_path/Frameworks";
				PRODUCT_BUNDLE_IDENTIFIER = com.RLDT.swift3SeguesTests;
				PRODUCT_NAME = "$(TARGET_NAME)";
				SWIFT_VERSION = 3.0;
				TEST_HOST = "$(BUILT_PRODUCTS_DIR)/swift3Segues.app/swift3Segues";
			};
			name = Release;
		};
/* End XCBuildConfiguration section */

/* Begin XCConfigurationList section */
		7389CCFF1D4FBA8E002C49AA /* Build configuration list for PBXProject "swift3Segues" */ = {
			isa = XCConfigurationList;
			buildConfigurations = (
				7389CD1F1D4FBA8E002C49AA /* Debug */,
				7389CD201D4FBA8E002C49AA /* Release */,
			);
			defaultConfigurationIsVisible = 0;
			defaultConfigurationName = Release;
		};
		7389CD211D4FBA8E002C49AA /* Build configuration list for PBXNativeTarget "swift3Segues" */ = {
			isa = XCConfigurationList;
			buildConfigurations = (
				7389CD221D4FBA8E002C49AA /* Debug */,
				7389CD231D4FBA8E002C49AA /* Release */,
			);
			defaultConfigurationIsVisible = 0;
		};
		7389CD241D4FBA8E002C49AA /* Build configuration list for PBXNativeTarget "swift3SeguesTests" */ = {
			isa = XCConfigurationList;
			buildConfigurations = (
				7389CD251D4FBA8E002C49AA /* Debug */,
				7389CD261D4FBA8E002C49AA /* Release */,
			);
			defaultConfigurationIsVisible = 0;
		};
/* End XCConfigurationList section */
	};
	rootObject = 7389CCFC1D4FBA8E002C49AA /* Project object */;
}
